
Microsoft Visual Studio Solution File, Format Version 12.00
# Visual Studio Version 17
VisualStudioVersion = 17.4.33213.308
MinimumVisualStudioVersion = 10.0.40219.1
Project("{9A19103F-16F7-4668-BE54-9A1E7A4F7556}") = "ControllerRebinder", "ControllerRebinder\ControllerRebinder.csproj", "{4C1AF78B-0E65-41B9-88B9-B52C7A49EEF3}"
EndProject
Project("{9A19103F-16F7-4668-BE54-9A1E7A4F7556}") = "ControllerRebinder.Core", "ControllerRebinder.Core\ControllerRebinder.Core.csproj", "{974DB123-71AF-4122-A842-BBB80002A5C7}"
EndProject
Project("{FAE04EC0-301F-11D3-BF4B-00C04F79EFBC}") = "ControllerRebinder.Common", "ControllerRebinder.Common\ControllerRebinder.Common.csproj", "{5A43C12E-E248-41EF-BEC0-7CBFC90E635F}"
EndProject
Global
	GlobalSection(SolutionConfigurationPlatforms) = preSolution
		Debug|Any CPU = Debug|Any CPU
		Release|Any CPU = Release|Any CPU
	EndGlobalSection
	GlobalSection(ProjectConfigurationPlatforms) = postSolution
		{4C1AF78B-0E65-41B9-88B9-B52C7A49EEF3}.Debug|Any CPU.ActiveCfg = Debug|Any CPU
		{4C1AF78B-0E65-41B9-88B9-B52C7A49EEF3}.Debug|Any CPU.Build.0 = Debug|Any CPU
		{4C1AF78B-0E65-41B9-88B9-B52C7A49EEF3}.Release|Any CPU.ActiveCfg = Release|Any CPU
		{4C1AF78B-0E65-41B9-88B9-B52C7A49EEF3}.Release|Any CPU.Build.0 = Release|Any CPU
		{974DB123-71AF-4122-A842-BBB80002A5C7}.Debug|Any CPU.ActiveCfg = Debug|Any CPU
		{974DB123-71AF-4122-A842-BBB80002A5C7}.Debug|Any CPU.Build.0 = Debug|Any CPU
		{974DB123-71AF-4122-A842-BBB80002A5C7}.Release|Any CPU.ActiveCfg = Release|Any CPU
		{974DB123-71AF-4122-A842-BBB80002A5C7}.Release|Any CPU.Build.0 = Release|Any CPU
		{5A43C12E-E248-41EF-BEC0-7CBFC90E635F}.Debug|Any CPU.ActiveCfg = Debug|Any CPU
		{5A43C12E-E248-41EF-BEC0-7CBFC90E635F}.Debug|Any CPU.Build.0 = Debug|Any CPU
		{5A43C12E-E248-41EF-BEC0-7CBFC90E635F}.Release|Any CPU.ActiveCfg = Release|Any CPU
		{5A43C12E-E248-41EF-BEC0-7CBFC90E635F}.Release|Any CPU.Build.0 = Release|Any CPU
	EndGlobalSection
	GlobalSection(SolutionProperties) = preSolution
		HideSolutionNode = FALSE
	EndGlobalSection
	GlobalSection(ExtensibilityGlobals) = postSolution
		SolutionGuid = {11FF8FE5-826F-476B-8E55-FD7BE5310DA1}
	EndGlobalSection
EndGlobal
